{
  "name": "mediumistic",
  "version": "1.0.0",
  "lockfileVersion": 3,
  "requires": true,
  "packages": {
    "": {
      "name": "mediumistic",
      "version": "1.0.0",
      "dependencies": {
        "@sakun/system.css": "^0.1.11",
        "three": "^0.186.1"
      }
    },
    "node_modules/@sakun/system.css": {
      "version": "0.1.11",
      "resolved": "https://registry.npmjs.org/@sakun/system.css/-/system.css-0.1.11.tgz",
      "integrity": "sha512-Zpl6Uoq7J3A/77knLBqgcdAcmyeZo38O7WKJMT1KVIxCVzSDulJnSKWNXF/7EHUXCTjYuOWE9D5DkxmJe533tg==",
      "license": "MIT",
      "dependencies": {
        "draggabilly": "^3.0.0"
      }
    },
    "node_modules/draggabilly": {
      "version": "3.0.0",
      "resolved": "https://registry.npmjs.org/draggabilly/-/draggabilly-3.0.0.tgz",
      "integrity": "sha512-aEs+B6prbMZQMxc9lgTpCBfyCUhRur/VFucHhIOvlvvdARTj7TcDmX/cdOUtqbjJJUh7+agyJXR5Z6IFe1MxwQ==",
      "license": "MIT",
      "dependencies": {
        "get-size": "^3.0.0",
        "unidragger": "^3.0.0"
      }
    },
    "node_modules/ev-emitter": {
      "version": "2.1.2",
      "resolved": "https://registry.npmjs.org/ev-emitter/-/ev-emitter-2.1.2.tgz",
      "integrity": "sha512-jQ5Ql18hdCQ4qS+RCrbLfz1n+Pags27q5TwMKvZyhp5hh2UULUYZUy1keqj6k6SYsdqIYjnmz7xyyEY0V67B8Q==",
      "license": "MIT"
    },
    "node_modules/get-size": {
      "version": "3.0.0",
      "resolved": "https://registry.npmjs.org/get-size/-/get-size-3.0.0.tgz",
      "integrity": "sha512-Y8aiXLq4leR7807UY0yuKEwif5s3kbVp1nTv+i4jBeoUzByTLKkLWu/HorS6/pB+7gsB0o7OTogC8AoOOeT0Hw==",
      "license": "MIT"
    },
    "node_modules/three": {
      "version": "0.186.1",
      "resolved": "https://registry.npmjs.org/three/-/three-0.186.1.tgz",
      "integrity": "sha512-blFeqb49wRCSGUGj7gtpfnSGHy2lwDk94RhUmS1c/hTby70kvChbWpkJ4Pm1390LqzzvTmzgXKHPEafJwCb8jA==",
      "license": "MIT"
    },
    "node_modules/unidragger": {
      "version": "3.0.1",
      "resolved": "https://registry.npmjs.org/unidragger/-/unidragger-3.0.1.tgz",
      "integrity": "sha512-RngbGSwBFmqGBWjkaH+yB677uzR95blSQyxq6hYbrQCejH3Mx1nm8DVOuh3M9k2fQyTstWUG5qlgCnNqV/9jVw==",
      "license": "MIT",
      "dependencies": {
        "ev-emitter": "^2.0.0"
      }
    }
  }
}
